// !$*UTF8*$!
{
	archiveVersion = 1;
	classes = {
	};
	objectVersion = 46;
	objects = {

/* Begin PBXBuildFile section */
		C52315CC1D55617100B3D86E /* CustomCell.swift in Sources */ = {isa = PBXBuildFile; fileRef = C52315CB1D55617100B3D86E /* CustomCell.swift */; };
		C52315D11D55787000B3D86E /* ListItemCell.swift in Sources */ = {isa = PBXBuildFile; fileRef = C52315D01D55787000B3D86E /* ListItemCell.swift */; };
		C5693C3E1D54448600070B92 /* CellDataAdapter.swift in Sources */ = {isa = PBXBuildFile; fileRef = C5693C3D1D54448600070B92 /* CellDataAdapter.swift */; };
		C56BEB381D56B660003BBF11 /* Main.storyboard in Resources */ = {isa = PBXBuildFile; fileRef = C56BEB371D56B660003BBF11 /* Main.storyboard */; };
		C56BEB3B1D56B87E003BBF11 /* UIFont+extension.swift in Sources */ = {isa = PBXBuildFile; fileRef = C56BEB3A1D56B87E003BBF11 /* UIFont+extension.swift */; };
		C56BEB3D1D56BE2F003BBF11 /* ControllerItem.swift in Sources */ = {isa = PBXBuildFile; fileRef = C56BEB3C1D56BE2F003BBF11 /* ControllerItem.swift */; };
		C56BEB3F1D56C1FA003BBF11 /* NormalTitleViewController.swift in Sources */ = {isa = PBXBuildFile; fileRef = C56BEB3E1D56C1FA003BBF11 /* NormalTitleViewController.swift */; };
		C56BEB411D56C406003BBF11 /* TableViewTapAnimationController.swift in Sources */ = {isa = PBXBuildFile; fileRef = C56BEB401D56C406003BBF11 /* TableViewTapAnimationController.swift */; };
		C56BEB461D56CAFF003BBF11 /* UIView+CreateFrame.swift in Sources */ = {isa = PBXBuildFile; fileRef = C56BEB451D56CAFF003BBF11 /* UIView+CreateFrame.swift */; };
		C56BEB481D56CD7B003BBF11 /* TapAnimationModel.swift in Sources */ = {isa = PBXBuildFile; fileRef = C56BEB471D56CD7B003BBF11 /* TapAnimationModel.swift */; };
		C56BEB4E1D56CE5B003BBF11 /* TableViewTapAnimationCell.swift in Sources */ = {isa = PBXBuildFile; fileRef = C56BEB4D1D56CE5B003BBF11 /* TableViewTapAnimationCell.swift */; };
		C56BEB531D5700FF003BBF11 /* UIView+Glow.swift in Sources */ = {isa = PBXBuildFile; fileRef = C56BEB521D5700FF003BBF11 /* UIView+Glow.swift */; };
		C57007F41D5330B2003BFB5E /* AppDelegate.swift in Sources */ = {isa = PBXBuildFile; fileRef = C57007F31D5330B2003BFB5E /* AppDelegate.swift */; };
		C57007FB1D5330B2003BFB5E /* Assets.xcassets in Resources */ = {isa = PBXBuildFile; fileRef = C57007FA1D5330B2003BFB5E /* Assets.xcassets */; };
		C57008061D5330CC003BFB5E /* UIView+SetRect.swift in Sources */ = {isa = PBXBuildFile; fileRef = C57008051D5330CC003BFB5E /* UIView+SetRect.swift */; };
		C57008081D533BAF003BFB5E /* UIView+AnimationProperty.swift in Sources */ = {isa = PBXBuildFile; fileRef = C57008071D533BAF003BFB5E /* UIView+AnimationProperty.swift */; };
		C5B15BBA1D5424F800E24AC0 /* CustomViewController.swift in Sources */ = {isa = PBXBuildFile; fileRef = C5B15BB81D5424F800E24AC0 /* CustomViewController.swift */; };
		C5B15BBB1D5424F800E24AC0 /* CustomNavigationController.swift in Sources */ = {isa = PBXBuildFile; fileRef = C5B15BB91D5424F800E24AC0 /* CustomNavigationController.swift */; };
		C5B15BBE1D54294700E24AC0 /* CustomNormalContentViewController.swift in Sources */ = {isa = PBXBuildFile; fileRef = C5B15BBD1D54294700E24AC0 /* CustomNormalContentViewController.swift */; };
		C5B15BC01D542E5900E24AC0 /* CustomFullContentViewController.swift in Sources */ = {isa = PBXBuildFile; fileRef = C5B15BBF1D542E5900E24AC0 /* CustomFullContentViewController.swift */; };
		C5B15BC41D5438DC00E24AC0 /* AnimationsListViewController.swift in Sources */ = {isa = PBXBuildFile; fileRef = C5B15BC31D5438DC00E24AC0 /* AnimationsListViewController.swift */; };
		C5B15BC91D543A1C00E24AC0 /* GCDGroup.swift in Sources */ = {isa = PBXBuildFile; fileRef = C5B15BC51D543A1C00E24AC0 /* GCDGroup.swift */; };
		C5B15BCA1D543A1C00E24AC0 /* GCDQueue.swift in Sources */ = {isa = PBXBuildFile; fileRef = C5B15BC61D543A1C00E24AC0 /* GCDQueue.swift */; };
		C5B15BCB1D543A1C00E24AC0 /* GCDSemaphore.swift in Sources */ = {isa = PBXBuildFile; fileRef = C5B15BC71D543A1C00E24AC0 /* GCDSemaphore.swift */; };
		C5B15BCC1D543A1C00E24AC0 /* GCDTimer.swift in Sources */ = {isa = PBXBuildFile; fileRef = C5B15BC81D543A1C00E24AC0 /* GCDTimer.swift */; };
/* End PBXBuildFile section */

/* Begin PBXFileReference section */
		C52315CB1D55617100B3D86E /* CustomCell.swift */ = {isa = PBXFileReference; fileEncoding = 4; lastKnownFileType = sourcecode.swift; path = CustomCell.swift; sourceTree = "<group>"; };
		C52315D01D55787000B3D86E /* ListItemCell.swift */ = {isa = PBXFileReference; fileEncoding = 4; lastKnownFileType = sourcecode.swift; path = ListItemCell.swift; sourceTree = "<group>"; };
		C5693C3D1D54448600070B92 /* CellDataAdapter.swift */ = {isa = PBXFileReference; fileEncoding = 4; lastKnownFileType = sourcecode.swift; path = CellDataAdapter.swift; sourceTree = "<group>"; };
		C56BEB371D56B660003BBF11 /* Main.storyboard */ = {isa = PBXFileReference; fileEncoding = 4; lastKnownFileType = file.storyboard; path = Main.storyboard; sourceTree = "<group>"; };
		C56BEB3A1D56B87E003BBF11 /* UIFont+extension.swift */ = {isa = PBXFileReference; fileEncoding = 4; lastKnownFileType = sourcecode.swift; path = "UIFont+extension.swift"; sourceTree = "<group>"; };
		C56BEB3C1D56BE2F003BBF11 /* ControllerItem.swift */ = {isa = PBXFileReference; fileEncoding = 4; lastKnownFileType = sourcecode.swift; path = ControllerItem.swift; sourceTree = "<group>"; };
		C56BEB3E1D56C1FA003BBF11 /* NormalTitleViewController.swift */ = {isa = PBXFileReference; fileEncoding = 4; lastKnownFileType = sourcecode.swift; path = NormalTitleViewController.swift; sourceTree = "<group>"; };
		C56BEB401D56C406003BBF11 /* TableViewTapAnimationController.swift */ = {isa = PBXFileReference; fileEncoding = 4; lastKnownFileType = sourcecode.swift; path = TableViewTapAnimationController.swift; sourceTree = "<group>"; };
		C56BEB451D56CAFF003BBF11 /* UIView+CreateFrame.swift */ = {isa = PBXFileReference; fileEncoding = 4; lastKnownFileType = sourcecode.swift; path = "UIView+CreateFrame.swift"; sourceTree = "<group>"; };
		C56BEB471D56CD7B003BBF11 /* TapAnimationModel.swift */ = {isa = PBXFileReference; fileEncoding = 4; lastKnownFileType = sourcecode.swift; path = TapAnimationModel.swift; sourceTree = "<group>"; };
		C56BEB4D1D56CE5B003BBF11 /* TableViewTapAnimationCell.swift */ = {isa = PBXFileReference; fileEncoding = 4; lastKnownFileType = sourcecode.swift; path = TableViewTapAnimationCell.swift; sourceTree = "<group>"; };
		C56BEB521D5700FF003BBF11 /* UIView+Glow.swift */ = {isa = PBXFileReference; fileEncoding = 4; lastKnownFileType = sourcecode.swift; path = "UIView+Glow.swift"; sourceTree = "<group>"; };
		C57007F01D5330B2003BFB5E /* Swift-Animations.app */ = {isa = PBXFileReference; explicitFileType = wrapper.application; includeInIndex = 0; path = "Swift-Animations.app"; sourceTree = BUILT_PRODUCTS_DIR; };
		C57007F31D5330B2003BFB5E /* AppDelegate.swift */ = {isa = PBXFileReference; lastKnownFileType = sourcecode.swift; path = AppDelegate.swift; sourceTree = "<group>"; };
		C57007FA1D5330B2003BFB5E /* Assets.xcassets */ = {isa = PBXFileReference; lastKnownFileType = folder.assetcatalog; path = Assets.xcassets; sourceTree = "<group>"; };
		C57007FF1D5330B2003BFB5E /* Info.plist */ = {isa = PBXFileReference; lastKnownFileType = text.plist.xml; path = Info.plist; sourceTree = "<group>"; };
		C57008051D5330CC003BFB5E /* UIView+SetRect.swift */ = {isa = PBXFileReference; fileEncoding = 4; lastKnownFileType = sourcecode.swift; path = "UIView+SetRect.swift"; sourceTree = "<group>"; };
		C57008071D533BAF003BFB5E /* UIView+AnimationProperty.swift */ = {isa = PBXFileReference; fileEncoding = 4; lastKnownFileType = sourcecode.swift; path = "UIView+AnimationProperty.swift"; sourceTree = "<group>"; };
		C5B15BB81D5424F800E24AC0 /* CustomViewController.swift */ = {isa = PBXFileReference; fileEncoding = 4; lastKnownFileType = sourcecode.swift; path = CustomViewController.swift; sourceTree = "<group>"; };
		C5B15BB91D5424F800E24AC0 /* CustomNavigationController.swift */ = {isa = PBXFileReference; fileEncoding = 4; lastKnownFileType = sourcecode.swift; path = CustomNavigationController.swift; sourceTree = "<group>"; };
		C5B15BBD1D54294700E24AC0 /* CustomNormalContentViewController.swift */ = {isa = PBXFileReference; fileEncoding = 4; lastKnownFileType = sourcecode.swift; path = CustomNormalContentViewController.swift; sourceTree = "<group>"; };
		C5B15BBF1D542E5900E24AC0 /* CustomFullContentViewController.swift */ = {isa = PBXFileReference; fileEncoding = 4; lastKnownFileType = sourcecode.swift; path = CustomFullContentViewController.swift; sourceTree = "<group>"; };
		C5B15BC31D5438DC00E24AC0 /* AnimationsListViewController.swift */ = {isa = PBXFileReference; fileEncoding = 4; lastKnownFileType = sourcecode.swift; path = AnimationsListViewController.swift; sourceTree = "<group>"; };
		C5B15BC51D543A1C00E24AC0 /* GCDGroup.swift */ = {isa = PBXFileReference; fileEncoding = 4; lastKnownFileType = sourcecode.swift; path = GCDGroup.swift; sourceTree = "<group>"; };
		C5B15BC61D543A1C00E24AC0 /* GCDQueue.swift */ = {isa = PBXFileReference; fileEncoding = 4; lastKnownFileType = sourcecode.swift; path = GCDQueue.swift; sourceTree = "<group>"; };
		C5B15BC71D543A1C00E24AC0 /* GCDSemaphore.swift */ = {isa = PBXFileReference; fileEncoding = 4; lastKnownFileType = sourcecode.swift; path = GCDSemaphore.swift; sourceTree = "<group>"; };
		C5B15BC81D543A1C00E24AC0 /* GCDTimer.swift */ = {isa = PBXFileReference; fileEncoding = 4; lastKnownFileType = sourcecode.swift; path = GCDTimer.swift; sourceTree = "<group>"; };
/* End PBXFileReference section */

/* Begin PBXFrameworksBuildPhase section */
		C57007ED1D5330B2003BFB5E /* Frameworks */ = {
			isa = PBXFrameworksBuildPhase;
			buildActionMask = 2147483647;
			files = (
			);
			runOnlyForDeploymentPostprocessing = 0;
		};
/* End PBXFrameworksBuildPhase section */

/* Begin PBXGroup section */
		C52315CF1D55786100B3D86E /* CustomCell */ = {
			isa = PBXGroup;
			children = (
				C5693C3D1D54448600070B92 /* CellDataAdapter.swift */,
				C52315CB1D55617100B3D86E /* CustomCell.swift */,
			);
			name = CustomCell;
			sourceTree = "<group>";
		};
		C56BEB391D56B823003BBF11 /* UIFont+extension */ = {
			isa = PBXGroup;
			children = (
				C56BEB3A1D56B87E003BBF11 /* UIFont+extension.swift */,
			);
			name = "UIFont+extension";
			sourceTree = "<group>";
		};
		C56BEB421D56C813003BBF11 /* CustomViewControllers */ = {
			isa = PBXGroup;
			children = (
				C56BEB3E1D56C1FA003BBF11 /* NormalTitleViewController.swift */,
			);
			name = CustomViewControllers;
			sourceTree = "<group>";
		};
		C56BEB431D56C82D003BBF11 /* Controllers */ = {
			isa = PBXGroup;
			children = (
				C56BEB4F1D56CE98003BBF11 /* TableViewTapAnimationController */,
			);
			name = Controllers;
			sourceTree = "<group>";
		};
		C56BEB441D56C83F003BBF11 /* RootViewController */ = {
			isa = PBXGroup;
			children = (
				C5B15BC31D5438DC00E24AC0 /* AnimationsListViewController.swift */,
				C56BEB3C1D56BE2F003BBF11 /* ControllerItem.swift */,
				C52315D01D55787000B3D86E /* ListItemCell.swift */,
			);
			name = RootViewController;
			sourceTree = "<group>";
		};
		C56BEB4F1D56CE98003BBF11 /* TableViewTapAnimationController */ = {
			isa = PBXGroup;
			children = (
				C56BEB401D56C406003BBF11 /* TableViewTapAnimationController.swift */,
				C56BEB471D56CD7B003BBF11 /* TapAnimationModel.swift */,
				C56BEB4D1D56CE5B003BBF11 /* TableViewTapAnimationCell.swift */,
			);
			name = TableViewTapAnimationController;
			sourceTree = "<group>";
		};
		C57007E71D5330B2003BFB5E = {
			isa = PBXGroup;
			children = (
				C57007F21D5330B2003BFB5E /* Swift-Animations */,
				C57007F11D5330B2003BFB5E /* Products */,
			);
			sourceTree = "<group>";
		};
		C57007F11D5330B2003BFB5E /* Products */ = {
			isa = PBXGroup;
			children = (
				C57007F01D5330B2003BFB5E /* Swift-Animations.app */,
			);
			name = Products;
			sourceTree = "<group>";
		};
		C57007F21D5330B2003BFB5E /* Swift-Animations */ = {
			isa = PBXGroup;
			children = (
				C57007F31D5330B2003BFB5E /* AppDelegate.swift */,
				C56BEB441D56C83F003BBF11 /* RootViewController */,
				C56BEB431D56C82D003BBF11 /* Controllers */,
				C52315CF1D55786100B3D86E /* CustomCell */,
				C5B15BCD1D543A2100E24AC0 /* GCD */,
				C5B15BBC1D5426C300E24AC0 /* AbstractCustomViewControllers */,
				C56BEB421D56C813003BBF11 /* CustomViewControllers */,
				C57008091D534927003BFB5E /* UIView+extension */,
				C56BEB391D56B823003BBF11 /* UIFont+extension */,
				C57007FA1D5330B2003BFB5E /* Assets.xcassets */,
				C56BEB371D56B660003BBF11 /* Main.storyboard */,
				C57007FF1D5330B2003BFB5E /* Info.plist */,
			);
			path = "Swift-Animations";
			sourceTree = "<group>";
		};
		C57008091D534927003BFB5E /* UIView+extension */ = {
			isa = PBXGroup;
			children = (
				C57008051D5330CC003BFB5E /* UIView+SetRect.swift */,
				C56BEB451D56CAFF003BBF11 /* UIView+CreateFrame.swift */,
				C57008071D533BAF003BFB5E /* UIView+AnimationProperty.swift */,
				C56BEB521D5700FF003BBF11 /* UIView+Glow.swift */,
			);
			name = "UIView+extension";
			sourceTree = "<group>";
		};
		C5B15BBC1D5426C300E24AC0 /* AbstractCustomViewControllers */ = {
			isa = PBXGroup;
			children = (
				C5B15BB81D5424F800E24AC0 /* CustomViewController.swift */,
				C5B15BBD1D54294700E24AC0 /* CustomNormalContentViewController.swift */,
				C5B15BBF1D542E5900E24AC0 /* CustomFullContentViewController.swift */,
				C5B15BB91D5424F800E24AC0 /* CustomNavigationController.swift */,
			);
			name = AbstractCustomViewControllers;
			sourceTree = "<group>";
		};
		C5B15BCD1D543A2100E24AC0 /* GCD */ = {
			isa = PBXGroup;
			children = (
				C5B15BC51D543A1C00E24AC0 /* GCDGroup.swift */,
				C5B15BC61D543A1C00E24AC0 /* GCDQueue.swift */,
				C5B15BC71D543A1C00E24AC0 /* GCDSemaphore.swift */,
				C5B15BC81D543A1C00E24AC0 /* GCDTimer.swift */,
			);
			name = GCD;
			sourceTree = "<group>";
		};
/* End PBXGroup section */

/* Begin PBXNativeTarget section */
		C57007EF1D5330B2003BFB5E /* Swift-Animations */ = {
			isa = PBXNativeTarget;
			buildConfigurationList = C57008021D5330B2003BFB5E /* Build configuration list for PBXNativeTarget "Swift-Animations" */;
			buildPhases = (
				C57007EC1D5330B2003BFB5E /* Sources */,
				C57007ED1D5330B2003BFB5E /* Frameworks */,
				C57007EE1D5330B2003BFB5E /* Resources */,
			);
			buildRules = (
			);
			dependencies = (
			);
			name = "Swift-Animations";
			productName = "Swift-Animations";
			productReference = C57007F01D5330B2003BFB5E /* Swift-Animations.app */;
			productType = "com.apple.product-type.application";
		};
/* End PBXNativeTarget section */

/* Begin PBXProject section */
		C57007E81D5330B2003BFB5E /* Project object */ = {
			isa = PBXProject;
			attributes = {
				LastSwiftUpdateCheck = 0730;
				LastUpgradeCheck = 0730;
				ORGANIZATIONNAME = YouXianMing;
				TargetAttributes = {
					C57007EF1D5330B2003BFB5E = {
						CreatedOnToolsVersion = 7.3.1;
					};
				};
			};
			buildConfigurationList = C57007EB1D5330B2003BFB5E /* Build configuration list for PBXProject "Swift-Animations" */;
			compatibilityVersion = "Xcode 3.2";
			developmentRegion = English;
			hasScannedForEncodings = 0;
			knownRegions = (
				en,
				Base,
			);
			mainGroup = C57007E71D5330B2003BFB5E;
			productRefGroup = C57007F11D5330B2003BFB5E /* Products */;
			projectDirPath = "";
			projectRoot = "";
			targets = (
				C57007EF1D5330B2003BFB5E /* Swift-Animations */,
			);
		};
/* End PBXProject section */

/* Begin PBXResourcesBuildPhase section */
		C57007EE1D5330B2003BFB5E /* Resources */ = {
			isa = PBXResourcesBuildPhase;
			buildActionMask = 2147483647;
			files = (
				C57007FB1D5330B2003BFB5E /* Assets.xcassets in Resources */,
				C56BEB381D56B660003BBF11 /* Main.storyboard in Resources */,
			);
			runOnlyForDeploymentPostprocessing = 0;
		};
/* End PBXResourcesBuildPhase section */

/* Begin PBXSourcesBuildPhase section */
		C57007EC1D5330B2003BFB5E /* Sources */ = {
			isa = PBXSourcesBuildPhase;
			buildActionMask = 2147483647;
			files = (
				C5B15BCB1D543A1C00E24AC0 /* GCDSemaphore.swift in Sources */,
				C5B15BC01D542E5900E24AC0 /* CustomFullContentViewController.swift in Sources */,
				C56BEB461D56CAFF003BBF11 /* UIView+CreateFrame.swift in Sources */,
				C5B15BC91D543A1C00E24AC0 /* GCDGroup.swift in Sources */,
				C5B15BBB1D5424F800E24AC0 /* CustomNavigationController.swift in Sources */,
				C5B15BCC1D543A1C00E24AC0 /* GCDTimer.swift in Sources */,
				C5693C3E1D54448600070B92 /* CellDataAdapter.swift in Sources */,
				C57008061D5330CC003BFB5E /* UIView+SetRect.swift in Sources */,
				C5B15BCA1D543A1C00E24AC0 /* GCDQueue.swift in Sources */,
				C56BEB3F1D56C1FA003BBF11 /* NormalTitleViewController.swift in Sources */,
				C5B15BBA1D5424F800E24AC0 /* CustomViewController.swift in Sources */,
				C56BEB531D5700FF003BBF11 /* UIView+Glow.swift in Sources */,
				C5B15BC41D5438DC00E24AC0 /* AnimationsListViewController.swift in Sources */,
				C56BEB411D56C406003BBF11 /* TableViewTapAnimationController.swift in Sources */,
				C5B15BBE1D54294700E24AC0 /* CustomNormalContentViewController.swift in Sources */,
				C56BEB3D1D56BE2F003BBF11 /* ControllerItem.swift in Sources */,
				C57008081D533BAF003BFB5E /* UIView+AnimationProperty.swift in Sources */,
				C52315CC1D55617100B3D86E /* CustomCell.swift in Sources */,
				C56BEB481D56CD7B003BBF11 /* TapAnimationModel.swift in Sources */,
				C56BEB4E1D56CE5B003BBF11 /* TableViewTapAnimationCell.swift in Sources */,
				C57007F41D5330B2003BFB5E /* AppDelegate.swift in Sources */,
				C56BEB3B1D56B87E003BBF11 /* UIFont+extension.swift in Sources */,
				C52315D11D55787000B3D86E /* ListItemCell.swift in Sources */,
			);
			runOnlyForDeploymentPostprocessing = 0;
		};
/* End PBXSourcesBuildPhase section */

/* Begin XCBuildConfiguration section */
		C57008001D5330B2003BFB5E /* Debug */ = {
			isa = XCBuildConfiguration;
			buildSettings = {
				ALWAYS_SEARCH_USER_PATHS = NO;
				CLANG_ANALYZER_NONNULL = YES;
				CLANG_CXX_LANGUAGE_STANDARD = "gnu++0x";
				CLANG_CXX_LIBRARY = "libc++";
				CLANG_ENABLE_MODULES = YES;
				CLANG_ENABLE_OBJC_ARC = YES;
				CLANG_WARN_BOOL_CONVERSION = YES;
				CLANG_WARN_CONSTANT_CONVERSION = YES;
				CLANG_WARN_DIRECT_OBJC_ISA_USAGE = YES_ERROR;
				CLANG_WARN_EMPTY_BODY = YES;
				CLANG_WARN_ENUM_CONVERSION = YES;
				CLANG_WARN_INT_CONVERSION = YES;
				CLANG_WARN_OBJC_ROOT_CLASS = YES_ERROR;
				CLANG_WARN_UNREACHABLE_CODE = YES;
				CLANG_WARN__DUPLICATE_METHOD_MATCH = YES;
				"CODE_SIGN_IDENTITY[sdk=iphoneos*]" = "iPhone Developer";
				COPY_PHASE_STRIP = NO;
				DEBUG_INFORMATION_FORMAT = dwarf;
				ENABLE_STRICT_OBJC_MSGSEND = YES;
				ENABLE_TESTABILITY = YES;
				GCC_C_LANGUAGE_STANDARD = gnu99;
				GCC_DYNAMIC_NO_PIC = NO;
				GCC_NO_COMMON_BLOCKS = YES;
				GCC_OPTIMIZATION_LEVEL = 0;
				GCC_PREPROCESSOR_DEFINITIONS = (
					"DEBUG=1",
					"$(inherited)",
				);
				GCC_WARN_64_TO_32_BIT_CONVERSION = YES;
				GCC_WARN_ABOUT_RETURN_TYPE = YES_ERROR;
				GCC_WARN_UNDECLARED_SELECTOR = YES;
				GCC_WARN_UNINITIALIZED_AUTOS = YES_AGGRESSIVE;
				GCC_WARN_UNUSED_FUNCTION = YES;
				GCC_WARN_UNUSED_VARIABLE = YES;
				IPHONEOS_DEPLOYMENT_TARGET = 9.3;
				MTL_ENABLE_DEBUG_INFO = YES;
				ONLY_ACTIVE_ARCH = YES;
				SDKROOT = iphoneos;
				SWIFT_OPTIMIZATION_LEVEL = "-Onone";
			};
			name = Debug;
		};
		C57008011D5330B2003BFB5E /* Release */ = {
			isa = XCBuildConfiguration;
			buildSettings = {
				ALWAYS_SEARCH_USER_PATHS = NO;
				CLANG_ANALYZER_NONNULL = YES;
				CLANG_CXX_LANGUAGE_STANDARD = "gnu++0x";
				CLANG_CXX_LIBRARY = "libc++";
				CLANG_ENABLE_MODULES = YES;
				CLANG_ENABLE_OBJC_ARC = YES;
				CLANG_WARN_BOOL_CONVERSION = YES;
				CLANG_WARN_CONSTANT_CONVERSION = YES;
				CLANG_WARN_DIRECT_OBJC_ISA_USAGE = YES_ERROR;
				CLANG_WARN_EMPTY_BODY = YES;
				CLANG_WARN_ENUM_CONVERSION = YES;
				CLANG_WARN_INT_CONVERSION = YES;
				CLANG_WARN_OBJC_ROOT_CLASS = YES_ERROR;
				CLANG_WARN_UNREACHABLE_CODE = YES;
				CLANG_WARN__DUPLICATE_METHOD_MATCH = YES;
				"CODE_SIGN_IDENTITY[sdk=iphoneos*]" = "iPhone Developer";
				COPY_PHASE_STRIP = NO;
				DEBUG_INFORMATION_FORMAT = "dwarf-with-dsym";
				ENABLE_NS_ASSERTIONS = NO;
				ENABLE_STRICT_OBJC_MSGSEND = YES;
				GCC_C_LANGUAGE_STANDARD = gnu99;
				GCC_NO_COMMON_BLOCKS = YES;
				GCC_WARN_64_TO_32_BIT_CONVERSION = YES;
				GCC_WARN_ABOUT_RETURN_TYPE = YES_ERROR;
				GCC_WARN_UNDECLARED_SELECTOR = YES;
				GCC_WARN_UNINITIALIZED_AUTOS = YES_AGGRESSIVE;
				GCC_WARN_UNUSED_FUNCTION = YES;
				GCC_WARN_UNUSED_VARIABLE = YES;
				IPHONEOS_DEPLOYMENT_TARGET = 9.3;
				MTL_ENABLE_DEBUG_INFO = NO;
				SDKROOT = iphoneos;
				VALIDATE_PRODUCT = YES;
			};
			name = Release;
		};
		C57008031D5330B2003BFB5E /* Debug */ = {
			isa = XCBuildConfiguration;
			buildSettings = {
				ASSETCATALOG_COMPILER_APPICON_NAME = AppIcon;
				ASSETCATALOG_COMPILER_LAUNCHIMAGE_NAME = "Brand Assets";
				INFOPLIST_FILE = "Swift-Animations/Info.plist";
				LD_RUNPATH_SEARCH_PATHS = "$(inherited) @executable_path/Frameworks";
				PRODUCT_BUNDLE_IDENTIFIER = "com.YouXianMing.Swift-Animations";
				PRODUCT_NAME = "$(TARGET_NAME)";
			};
			name = Debug;
		};
		C57008041D5330B2003BFB5E /* Release */ = {
			isa = XCBuildConfiguration;
			buildSettings = {
				ASSETCATALOG_COMPILER_APPICON_NAME = AppIcon;
				ASSETCATALOG_COMPILER_LAUNCHIMAGE_NAME = "Brand Assets";
				INFOPLIST_FILE = "Swift-Animations/Info.plist";
				LD_RUNPATH_SEARCH_PATHS = "$(inherited) @executable_path/Frameworks";
				PRODUCT_BUNDLE_IDENTIFIER = "com.YouXianMing.Swift-Animations";
				PRODUCT_NAME = "$(TARGET_NAME)";
			};
			name = Release;
		};
/* End XCBuildConfiguration section */

/* Begin XCConfigurationList section */
		C57007EB1D5330B2003BFB5E /* Build configuration list for PBXProject "Swift-Animations" */ = {
			isa = XCConfigurationList;
			buildConfigurations = (
				C57008001D5330B2003BFB5E /* Debug */,
				C57008011D5330B2003BFB5E /* Release */,
			);
			defaultConfigurationIsVisible = 0;
			defaultConfigurationName = Release;
		};
		C57008021D5330B2003BFB5E /* Build configuration list for PBXNativeTarget "Swift-Animations" */ = {
			isa = XCConfigurationList;
			buildConfigurations = (
				C57008031D5330B2003BFB5E /* Debug */,
				C57008041D5330B2003BFB5E /* Release */,
			);
			defaultConfigurationIsVisible = 0;
			defaultConfigurationName = Release;
		};
/* End XCConfigurationList section */
	};
	rootObject = C57007E81D5330B2003BFB5E /* Project object */;
}
