// !$*UTF8*$!
{
	archiveVersion = 1;
	classes = {
	};
	objectVersion = 46;
	objects = {

/* Begin PBXBuildFile section */
		C57007F41D5330B2003BFB5E /* AppDelegate.swift in Sources */ = {isa = PBXBuildFile; fileRef = C57007F31D5330B2003BFB5E /* AppDelegate.swift */; };
		C57007F61D5330B2003BFB5E /* ViewController.swift in Sources */ = {isa = PBXBuildFile; fileRef = C57007F51D5330B2003BFB5E /* ViewController.swift */; };
		C57007F91D5330B2003BFB5E /* Main.storyboard in Resources */ = {isa = PBXBuildFile; fileRef = C57007F71D5330B2003BFB5E /* Main.storyboard */; };
		C57007FB1D5330B2003BFB5E /* Assets.xcassets in Resources */ = {isa = PBXBuildFile; fileRef = C57007FA1D5330B2003BFB5E /* Assets.xcassets */; };
		C57007FE1D5330B2003BFB5E /* LaunchScreen.storyboard in Resources */ = {isa = PBXBuildFile; fileRef = C57007FC1D5330B2003BFB5E /* LaunchScreen.storyboard */; };
		C57008061D5330CC003BFB5E /* UIView+SetRect.swift in Sources */ = {isa = PBXBuildFile; fileRef = C57008051D5330CC003BFB5E /* UIView+SetRect.swift */; };
		C57008081D533BAF003BFB5E /* UIView+AnimationProperty.swift in Sources */ = {isa = PBXBuildFile; fileRef = C57008071D533BAF003BFB5E /* UIView+AnimationProperty.swift */; };
/* End PBXBuildFile section */

/* Begin PBXFileReference section */
		C57007F01D5330B2003BFB5E /* Swift-Animations.app */ = {isa = PBXFileReference; explicitFileType = wrapper.application; includeInIndex = 0; path = "Swift-Animations.app"; sourceTree = BUILT_PRODUCTS_DIR; };
		C57007F31D5330B2003BFB5E /* AppDelegate.swift */ = {isa = PBXFileReference; lastKnownFileType = sourcecode.swift; path = AppDelegate.swift; sourceTree = "<group>"; };
		C57007F51D5330B2003BFB5E /* ViewController.swift */ = {isa = PBXFileReference; lastKnownFileType = sourcecode.swift; path = ViewController.swift; sourceTree = "<group>"; };
		C57007F81D5330B2003BFB5E /* Base */ = {isa = PBXFileReference; lastKnownFileType = file.storyboard; name = Base; path = Base.lproj/Main.storyboard; sourceTree = "<group>"; };
		C57007FA1D5330B2003BFB5E /* Assets.xcassets */ = {isa = PBXFileReference; lastKnownFileType = folder.assetcatalog; path = Assets.xcassets; sourceTree = "<group>"; };
		C57007FD1D5330B2003BFB5E /* Base */ = {isa = PBXFileReference; lastKnownFileType = file.storyboard; name = Base; path = Base.lproj/LaunchScreen.storyboard; sourceTree = "<group>"; };
		C57007FF1D5330B2003BFB5E /* Info.plist */ = {isa = PBXFileReference; lastKnownFileType = text.plist.xml; path = Info.plist; sourceTree = "<group>"; };
		C57008051D5330CC003BFB5E /* UIView+SetRect.swift */ = {isa = PBXFileReference; fileEncoding = 4; lastKnownFileType = sourcecode.swift; path = "UIView+SetRect.swift"; sourceTree = "<group>"; };
		C57008071D533BAF003BFB5E /* UIView+AnimationProperty.swift */ = {isa = PBXFileReference; fileEncoding = 4; lastKnownFileType = sourcecode.swift; path = "UIView+AnimationProperty.swift"; sourceTree = "<group>"; };
/* End PBXFileReference section */

/* Begin PBXFrameworksBuildPhase section */
		C57007ED1D5330B2003BFB5E /* Frameworks */ = {
			isa = PBXFrameworksBuildPhase;
			buildActionMask = 2147483647;
			files = (
			);
			runOnlyForDeploymentPostprocessing = 0;
		};
/* End PBXFrameworksBuildPhase section */

/* Begin PBXGroup section */
		C57007E71D5330B2003BFB5E = {
			isa = PBXGroup;
			children = (
				C57007F21D5330B2003BFB5E /* Swift-Animations */,
				C57007F11D5330B2003BFB5E /* Products */,
			);
			sourceTree = "<group>";
		};
		C57007F11D5330B2003BFB5E /* Products */ = {
			isa = PBXGroup;
			children = (
				C57007F01D5330B2003BFB5E /* Swift-Animations.app */,
			);
			name = Products;
			sourceTree = "<group>";
		};
		C57007F21D5330B2003BFB5E /* Swift-Animations */ = {
			isa = PBXGroup;
			children = (
				C57007F31D5330B2003BFB5E /* AppDelegate.swift */,
				C57007F51D5330B2003BFB5E /* ViewController.swift */,
				C57008091D534927003BFB5E /* UIView+extension */,
				C57007F71D5330B2003BFB5E /* Main.storyboard */,
				C57007FA1D5330B2003BFB5E /* Assets.xcassets */,
				C57007FC1D5330B2003BFB5E /* LaunchScreen.storyboard */,
				C57007FF1D5330B2003BFB5E /* Info.plist */,
			);
			path = "Swift-Animations";
			sourceTree = "<group>";
		};
		C57008091D534927003BFB5E /* UIView+extension */ = {
			isa = PBXGroup;
			children = (
				C57008051D5330CC003BFB5E /* UIView+SetRect.swift */,
				C57008071D533BAF003BFB5E /* UIView+AnimationProperty.swift */,
			);
			name = "UIView+extension";
			sourceTree = "<group>";
		};
/* End PBXGroup section */

/* Begin PBXNativeTarget section */
		C57007EF1D5330B2003BFB5E /* Swift-Animations */ = {
			isa = PBXNativeTarget;
			buildConfigurationList = C57008021D5330B2003BFB5E /* Build configuration list for PBXNativeTarget "Swift-Animations" */;
			buildPhases = (
				C57007EC1D5330B2003BFB5E /* Sources */,
				C57007ED1D5330B2003BFB5E /* Frameworks */,
				C57007EE1D5330B2003BFB5E /* Resources */,
			);
			buildRules = (
			);
			dependencies = (
			);
			name = "Swift-Animations";
			productName = "Swift-Animations";
			productReference = C57007F01D5330B2003BFB5E /* Swift-Animations.app */;
			productType = "com.apple.product-type.application";
		};
/* End PBXNativeTarget section */

/* Begin PBXProject section */
		C57007E81D5330B2003BFB5E /* Project object */ = {
			isa = PBXProject;
			attributes = {
				LastSwiftUpdateCheck = 0730;
				LastUpgradeCheck = 0730;
				ORGANIZATIONNAME = YouXianMing;
				TargetAttributes = {
					C57007EF1D5330B2003BFB5E = {
						CreatedOnToolsVersion = 7.3.1;
					};
				};
			};
			buildConfigurationList = C57007EB1D5330B2003BFB5E /* Build configuration list for PBXProject "Swift-Animations" */;
			compatibilityVersion = "Xcode 3.2";
			developmentRegion = English;
			hasScannedForEncodings = 0;
			knownRegions = (
				en,
				Base,
			);
			mainGroup = C57007E71D5330B2003BFB5E;
			productRefGroup = C57007F11D5330B2003BFB5E /* Products */;
			projectDirPath = "";
			projectRoot = "";
			targets = (
				C57007EF1D5330B2003BFB5E /* Swift-Animations */,
			);
		};
/* End PBXProject section */

/* Begin PBXResourcesBuildPhase section */
		C57007EE1D5330B2003BFB5E /* Resources */ = {
			isa = PBXResourcesBuildPhase;
			buildActionMask = 2147483647;
			files = (
				C57007FE1D5330B2003BFB5E /* LaunchScreen.storyboard in Resources */,
				C57007FB1D5330B2003BFB5E /* Assets.xcassets in Resources */,
				C57007F91D5330B2003BFB5E /* Main.storyboard in Resources */,
			);
			runOnlyForDeploymentPostprocessing = 0;
		};
/* End PBXResourcesBuildPhase section */

/* Begin PBXSourcesBuildPhase section */
		C57007EC1D5330B2003BFB5E /* Sources */ = {
			isa = PBXSourcesBuildPhase;
			buildActionMask = 2147483647;
			files = (
				C57008061D5330CC003BFB5E /* UIView+SetRect.swift in Sources */,
				C57007F61D5330B2003BFB5E /* ViewController.swift in Sources */,
				C57008081D533BAF003BFB5E /* UIView+AnimationProperty.swift in Sources */,
				C57007F41D5330B2003BFB5E /* AppDelegate.swift in Sources */,
			);
			runOnlyForDeploymentPostprocessing = 0;
		};
/* End PBXSourcesBuildPhase section */

/* Begin PBXVariantGroup section */
		C57007F71D5330B2003BFB5E /* Main.storyboard */ = {
			isa = PBXVariantGroup;
			children = (
				C57007F81D5330B2003BFB5E /* Base */,
			);
			name = Main.storyboard;
			sourceTree = "<group>";
		};
		C57007FC1D5330B2003BFB5E /* LaunchScreen.storyboard */ = {
			isa = PBXVariantGroup;
			children = (
				C57007FD1D5330B2003BFB5E /* Base */,
			);
			name = LaunchScreen.storyboard;
			sourceTree = "<group>";
		};
/* End PBXVariantGroup section */

/* Begin XCBuildConfiguration section */
		C57008001D5330B2003BFB5E /* Debug */ = {
			isa = XCBuildConfiguration;
			buildSettings = {
				ALWAYS_SEARCH_USER_PATHS = NO;
				CLANG_ANALYZER_NONNULL = YES;
				CLANG_CXX_LANGUAGE_STANDARD = "gnu++0x";
				CLANG_CXX_LIBRARY = "libc++";
				CLANG_ENABLE_MODULES = YES;
				CLANG_ENABLE_OBJC_ARC = YES;
				CLANG_WARN_BOOL_CONVERSION = YES;
				CLANG_WARN_CONSTANT_CONVERSION = YES;
				CLANG_WARN_DIRECT_OBJC_ISA_USAGE = YES_ERROR;
				CLANG_WARN_EMPTY_BODY = YES;
				CLANG_WARN_ENUM_CONVERSION = YES;
				CLANG_WARN_INT_CONVERSION = YES;
				CLANG_WARN_OBJC_ROOT_CLASS = YES_ERROR;
				CLANG_WARN_UNREACHABLE_CODE = YES;
				CLANG_WARN__DUPLICATE_METHOD_MATCH = YES;
				"CODE_SIGN_IDENTITY[sdk=iphoneos*]" = "iPhone Developer";
				COPY_PHASE_STRIP = NO;
				DEBUG_INFORMATION_FORMAT = dwarf;
				ENABLE_STRICT_OBJC_MSGSEND = YES;
				ENABLE_TESTABILITY = YES;
				GCC_C_LANGUAGE_STANDARD = gnu99;
				GCC_DYNAMIC_NO_PIC = NO;
				GCC_NO_COMMON_BLOCKS = YES;
				GCC_OPTIMIZATION_LEVEL = 0;
				GCC_PREPROCESSOR_DEFINITIONS = (
					"DEBUG=1",
					"$(inherited)",
				);
				GCC_WARN_64_TO_32_BIT_CONVERSION = YES;
				GCC_WARN_ABOUT_RETURN_TYPE = YES_ERROR;
				GCC_WARN_UNDECLARED_SELECTOR = YES;
				GCC_WARN_UNINITIALIZED_AUTOS = YES_AGGRESSIVE;
				GCC_WARN_UNUSED_FUNCTION = YES;
				GCC_WARN_UNUSED_VARIABLE = YES;
				IPHONEOS_DEPLOYMENT_TARGET = 9.3;
				MTL_ENABLE_DEBUG_INFO = YES;
				ONLY_ACTIVE_ARCH = YES;
				SDKROOT = iphoneos;
				SWIFT_OPTIMIZATION_LEVEL = "-Onone";
			};
			name = Debug;
		};
		C57008011D5330B2003BFB5E /* Release */ = {
			isa = XCBuildConfiguration;
			buildSettings = {
				ALWAYS_SEARCH_USER_PATHS = NO;
				CLANG_ANALYZER_NONNULL = YES;
				CLANG_CXX_LANGUAGE_STANDARD = "gnu++0x";
				CLANG_CXX_LIBRARY = "libc++";
				CLANG_ENABLE_MODULES = YES;
				CLANG_ENABLE_OBJC_ARC = YES;
				CLANG_WARN_BOOL_CONVERSION = YES;
				CLANG_WARN_CONSTANT_CONVERSION = YES;
				CLANG_WARN_DIRECT_OBJC_ISA_USAGE = YES_ERROR;
				CLANG_WARN_EMPTY_BODY = YES;
				CLANG_WARN_ENUM_CONVERSION = YES;
				CLANG_WARN_INT_CONVERSION = YES;
				CLANG_WARN_OBJC_ROOT_CLASS = YES_ERROR;
				CLANG_WARN_UNREACHABLE_CODE = YES;
				CLANG_WARN__DUPLICATE_METHOD_MATCH = YES;
				"CODE_SIGN_IDENTITY[sdk=iphoneos*]" = "iPhone Developer";
				COPY_PHASE_STRIP = NO;
				DEBUG_INFORMATION_FORMAT = "dwarf-with-dsym";
				ENABLE_NS_ASSERTIONS = NO;
				ENABLE_STRICT_OBJC_MSGSEND = YES;
				GCC_C_LANGUAGE_STANDARD = gnu99;
				GCC_NO_COMMON_BLOCKS = YES;
				GCC_WARN_64_TO_32_BIT_CONVERSION = YES;
				GCC_WARN_ABOUT_RETURN_TYPE = YES_ERROR;
				GCC_WARN_UNDECLARED_SELECTOR = YES;
				GCC_WARN_UNINITIALIZED_AUTOS = YES_AGGRESSIVE;
				GCC_WARN_UNUSED_FUNCTION = YES;
				GCC_WARN_UNUSED_VARIABLE = YES;
				IPHONEOS_DEPLOYMENT_TARGET = 9.3;
				MTL_ENABLE_DEBUG_INFO = NO;
				SDKROOT = iphoneos;
				VALIDATE_PRODUCT = YES;
			};
			name = Release;
		};
		C57008031D5330B2003BFB5E /* Debug */ = {
			isa = XCBuildConfiguration;
			buildSettings = {
				ASSETCATALOG_COMPILER_APPICON_NAME = AppIcon;
				INFOPLIST_FILE = "Swift-Animations/Info.plist";
				LD_RUNPATH_SEARCH_PATHS = "$(inherited) @executable_path/Frameworks";
				PRODUCT_BUNDLE_IDENTIFIER = "com.YouXianMing.Swift-Animations";
				PRODUCT_NAME = "$(TARGET_NAME)";
			};
			name = Debug;
		};
		C57008041D5330B2003BFB5E /* Release */ = {
			isa = XCBuildConfiguration;
			buildSettings = {
				ASSETCATALOG_COMPILER_APPICON_NAME = AppIcon;
				INFOPLIST_FILE = "Swift-Animations/Info.plist";
				LD_RUNPATH_SEARCH_PATHS = "$(inherited) @executable_path/Frameworks";
				PRODUCT_BUNDLE_IDENTIFIER = "com.YouXianMing.Swift-Animations";
				PRODUCT_NAME = "$(TARGET_NAME)";
			};
			name = Release;
		};
/* End XCBuildConfiguration section */

/* Begin XCConfigurationList section */
		C57007EB1D5330B2003BFB5E /* Build configuration list for PBXProject "Swift-Animations" */ = {
			isa = XCConfigurationList;
			buildConfigurations = (
				C57008001D5330B2003BFB5E /* Debug */,
				C57008011D5330B2003BFB5E /* Release */,
			);
			defaultConfigurationIsVisible = 0;
			defaultConfigurationName = Release;
		};
		C57008021D5330B2003BFB5E /* Build configuration list for PBXNativeTarget "Swift-Animations" */ = {
			isa = XCConfigurationList;
			buildConfigurations = (
				C57008031D5330B2003BFB5E /* Debug */,
				C57008041D5330B2003BFB5E /* Release */,
			);
			defaultConfigurationIsVisible = 0;
		};
/* End XCConfigurationList section */
	};
	rootObject = C57007E81D5330B2003BFB5E /* Project object */;
}
